// !$*UTF8*$!
{
	archiveVersion = 1;
	classes = {
	};
	objectVersion = 50;
	objects = {

/* Begin PBXBuildFile section */
		9F9BBBB226B54C1300DCE9C2 /* CategoryCell.swift in Sources */ = {isa = PBXBuildFile; fileRef = 9F9BBBB126B54C1300DCE9C2 /* CategoryCell.swift */; };
		9F9BBBB526B5533600DCE9C2 /* DataService.swift in Sources */ = {isa = PBXBuildFile; fileRef = 9F9BBBB426B5533600DCE9C2 /* DataService.swift */; };
		9F9BBBB726B554D300DCE9C2 /* Category.swift in Sources */ = {isa = PBXBuildFile; fileRef = 9F9BBBB626B554D300DCE9C2 /* Category.swift */; };
		9FF5051826B539D6004C4BAE /* AppDelegate.swift in Sources */ = {isa = PBXBuildFile; fileRef = 9FF5051726B539D6004C4BAE /* AppDelegate.swift */; };
		9FF5051A26B539D6004C4BAE /* SceneDelegate.swift in Sources */ = {isa = PBXBuildFile; fileRef = 9FF5051926B539D6004C4BAE /* SceneDelegate.swift */; };
		9FF5051C26B539D6004C4BAE /* CategoriesVC.swift in Sources */ = {isa = PBXBuildFile; fileRef = 9FF5051B26B539D6004C4BAE /* CategoriesVC.swift */; };
		9FF5051F26B539D6004C4BAE /* Main.storyboard in Resources */ = {isa = PBXBuildFile; fileRef = 9FF5051D26B539D6004C4BAE /* Main.storyboard */; };
		9FF5052126B539D9004C4BAE /* Assets.xcassets in Resources */ = {isa = PBXBuildFile; fileRef = 9FF5052026B539D9004C4BAE /* Assets.xcassets */; };
		9FF5052426B539D9004C4BAE /* LaunchScreen.storyboard in Resources */ = {isa = PBXBuildFile; fileRef = 9FF5052226B539D9004C4BAE /* LaunchScreen.storyboard */; };
/* End PBXBuildFile section */

/* Begin PBXFileReference section */
		9F9BBBB126B54C1300DCE9C2 /* CategoryCell.swift */ = {isa = PBXFileReference; lastKnownFileType = sourcecode.swift; path = CategoryCell.swift; sourceTree = "<group>"; };
		9F9BBBB426B5533600DCE9C2 /* DataService.swift */ = {isa = PBXFileReference; lastKnownFileType = sourcecode.swift; path = DataService.swift; sourceTree = "<group>"; };
		9F9BBBB626B554D300DCE9C2 /* Category.swift */ = {isa = PBXFileReference; lastKnownFileType = sourcecode.swift; path = Category.swift; sourceTree = "<group>"; };
		9FF5051426B539D6004C4BAE /* Coder Shop.app */ = {isa = PBXFileReference; explicitFileType = wrapper.application; includeInIndex = 0; path = "Coder Shop.app"; sourceTree = BUILT_PRODUCTS_DIR; };
		9FF5051726B539D6004C4BAE /* AppDelegate.swift */ = {isa = PBXFileReference; lastKnownFileType = sourcecode.swift; path = AppDelegate.swift; sourceTree = "<group>"; };
		9FF5051926B539D6004C4BAE /* SceneDelegate.swift */ = {isa = PBXFileReference; lastKnownFileType = sourcecode.swift; path = SceneDelegate.swift; sourceTree = "<group>"; };
		9FF5051B26B539D6004C4BAE /* CategoriesVC.swift */ = {isa = PBXFileReference; lastKnownFileType = sourcecode.swift; path = CategoriesVC.swift; sourceTree = "<group>"; };
		9FF5051E26B539D6004C4BAE /* Base */ = {isa = PBXFileReference; lastKnownFileType = file.storyboard; name = Base; path = Base.lproj/Main.storyboard; sourceTree = "<group>"; };
		9FF5052026B539D9004C4BAE /* Assets.xcassets */ = {isa = PBXFileReference; lastKnownFileType = folder.assetcatalog; path = Assets.xcassets; sourceTree = "<group>"; };
		9FF5052326B539D9004C4BAE /* Base */ = {isa = PBXFileReference; lastKnownFileType = file.storyboard; name = Base; path = Base.lproj/LaunchScreen.storyboard; sourceTree = "<group>"; };
		9FF5052526B539D9004C4BAE /* Info.plist */ = {isa = PBXFileReference; lastKnownFileType = text.plist.xml; path = Info.plist; sourceTree = "<group>"; };
/* End PBXFileReference section */

/* Begin PBXFrameworksBuildPhase section */
		9FF5051126B539D6004C4BAE /* Frameworks */ = {
			isa = PBXFrameworksBuildPhase;
			buildActionMask = 2147483647;
			files = (
			);
			runOnlyForDeploymentPostprocessing = 0;
		};
/* End PBXFrameworksBuildPhase section */

/* Begin PBXGroup section */
		9F9BBBAF26B54A1700DCE9C2 /* View */ = {
			isa = PBXGroup;
			children = (
				9F9BBBB126B54C1300DCE9C2 /* CategoryCell.swift */,
			);
			path = View;
			sourceTree = "<group>";
		};
		9F9BBBB026B54A2100DCE9C2 /* Model */ = {
			isa = PBXGroup;
			children = (
				9F9BBBB626B554D300DCE9C2 /* Category.swift */,
			);
			path = Model;
			sourceTree = "<group>";
		};
		9F9BBBB326B5531400DCE9C2 /* Services */ = {
			isa = PBXGroup;
			children = (
				9F9BBBB426B5533600DCE9C2 /* DataService.swift */,
			);
			path = Services;
			sourceTree = "<group>";
		};
		9FF5050B26B539D6004C4BAE = {
			isa = PBXGroup;
			children = (
				9FF5051626B539D6004C4BAE /* Coder Shop */,
				9FF5051526B539D6004C4BAE /* Products */,
			);
			sourceTree = "<group>";
		};
		9FF5051526B539D6004C4BAE /* Products */ = {
			isa = PBXGroup;
			children = (
				9FF5051426B539D6004C4BAE /* Coder Shop.app */,
			);
			name = Products;
			sourceTree = "<group>";
		};
		9FF5051626B539D6004C4BAE /* Coder Shop */ = {
			isa = PBXGroup;
			children = (
				9F9BBBB326B5531400DCE9C2 /* Services */,
				9F9BBBB026B54A2100DCE9C2 /* Model */,
				9F9BBBAF26B54A1700DCE9C2 /* View */,
				9FF5052B26B53F88004C4BAE /* Controller */,
				9FF5051726B539D6004C4BAE /* AppDelegate.swift */,
				9FF5051926B539D6004C4BAE /* SceneDelegate.swift */,
				9FF5051D26B539D6004C4BAE /* Main.storyboard */,
				9FF5052026B539D9004C4BAE /* Assets.xcassets */,
				9FF5052226B539D9004C4BAE /* LaunchScreen.storyboard */,
				9FF5052526B539D9004C4BAE /* Info.plist */,
			);
			path = "Coder Shop";
			sourceTree = "<group>";
		};
		9FF5052B26B53F88004C4BAE /* Controller */ = {
			isa = PBXGroup;
			children = (
				9FF5051B26B539D6004C4BAE /* CategoriesVC.swift */,
			);
			path = Controller;
			sourceTree = "<group>";
		};
/* End PBXGroup section */

/* Begin PBXNativeTarget section */
		9FF5051326B539D6004C4BAE /* Coder Shop */ = {
			isa = PBXNativeTarget;
			buildConfigurationList = 9FF5052826B539D9004C4BAE /* Build configuration list for PBXNativeTarget "Coder Shop" */;
			buildPhases = (
				9FF5051026B539D6004C4BAE /* Sources */,
				9FF5051126B539D6004C4BAE /* Frameworks */,
				9FF5051226B539D6004C4BAE /* Resources */,
			);
			buildRules = (
			);
			dependencies = (
			);
			name = "Coder Shop";
			productName = "Coder Shop";
			productReference = 9FF5051426B539D6004C4BAE /* Coder Shop.app */;
			productType = "com.apple.product-type.application";
		};
/* End PBXNativeTarget section */

/* Begin PBXProject section */
		9FF5050C26B539D6004C4BAE /* Project object */ = {
			isa = PBXProject;
			attributes = {
				LastSwiftUpdateCheck = 1250;
				LastUpgradeCheck = 1250;
				TargetAttributes = {
					9FF5051326B539D6004C4BAE = {
						CreatedOnToolsVersion = 12.5.1;
					};
				};
			};
			buildConfigurationList = 9FF5050F26B539D6004C4BAE /* Build configuration list for PBXProject "Coder Shop" */;
			compatibilityVersion = "Xcode 9.3";
			developmentRegion = en;
			hasScannedForEncodings = 0;
			knownRegions = (
				en,
				Base,
			);
			mainGroup = 9FF5050B26B539D6004C4BAE;
			productRefGroup = 9FF5051526B539D6004C4BAE /* Products */;
			projectDirPath = "";
			projectRoot = "";
			targets = (
				9FF5051326B539D6004C4BAE /* Coder Shop */,
			);
		};
/* End PBXProject section */

/* Begin PBXResourcesBuildPhase section */
		9FF5051226B539D6004C4BAE /* Resources */ = {
			isa = PBXResourcesBuildPhase;
			buildActionMask = 2147483647;
			files = (
				9FF5052426B539D9004C4BAE /* LaunchScreen.storyboard in Resources */,
				9FF5052126B539D9004C4BAE /* Assets.xcassets in Resources */,
				9FF5051F26B539D6004C4BAE /* Main.storyboard in Resources */,
			);
			runOnlyForDeploymentPostprocessing = 0;
		};
/* End PBXResourcesBuildPhase section */

/* Begin PBXSourcesBuildPhase section */
		9FF5051026B539D6004C4BAE /* Sources */ = {
			isa = PBXSourcesBuildPhase;
			buildActionMask = 2147483647;
			files = (
				9FF5051C26B539D6004C4BAE /* CategoriesVC.swift in Sources */,
				9FF5051826B539D6004C4BAE /* AppDelegate.swift in Sources */,
				9FF5051A26B539D6004C4BAE /* SceneDelegate.swift in Sources */,
				9F9BBBB226B54C1300DCE9C2 /* CategoryCell.swift in Sources */,
				9F9BBBB526B5533600DCE9C2 /* DataService.swift in Sources */,
				9F9BBBB726B554D300DCE9C2 /* Category.swift in Sources */,
			);
			runOnlyForDeploymentPostprocessing = 0;
		};
/* End PBXSourcesBuildPhase section */

/* Begin PBXVariantGroup section */
		9FF5051D26B539D6004C4BAE /* Main.storyboard */ = {
			isa = PBXVariantGroup;
			children = (
				9FF5051E26B539D6004C4BAE /* Base */,
			);
			name = Main.storyboard;
			sourceTree = "<group>";
		};
		9FF5052226B539D9004C4BAE /* LaunchScreen.storyboard */ = {
			isa = PBXVariantGroup;
			children = (
				9FF5052326B539D9004C4BAE /* Base */,
			);
			name = LaunchScreen.storyboard;
			sourceTree = "<group>";
		};
/* End PBXVariantGroup section */

/* Begin XCBuildConfiguration section */
		9FF5052626B539D9004C4BAE /* Debug */ = {
			isa = XCBuildConfiguration;
			buildSettings = {
				ALWAYS_SEARCH_USER_PATHS = NO;
				CLANG_ANALYZER_NONNULL = YES;
				CLANG_ANALYZER_NUMBER_OBJECT_CONVERSION = YES_AGGRESSIVE;
				CLANG_CXX_LANGUAGE_STANDARD = "gnu++14";
				CLANG_CXX_LIBRARY = "libc++";
				CLANG_ENABLE_MODULES = YES;
				CLANG_ENABLE_OBJC_ARC = YES;
				CLANG_ENABLE_OBJC_WEAK = YES;
				CLANG_WARN_BLOCK_CAPTURE_AUTORELEASING = YES;
				CLANG_WARN_BOOL_CONVERSION = YES;
				CLANG_WARN_COMMA = YES;
				CLANG_WARN_CONSTANT_CONVERSION = YES;
				CLANG_WARN_DEPRECATED_OBJC_IMPLEMENTATIONS = YES;
				CLANG_WARN_DIRECT_OBJC_ISA_USAGE = YES_ERROR;
				CLANG_WARN_DOCUMENTATION_COMMENTS = YES;
				CLANG_WARN_EMPTY_BODY = YES;
				CLANG_WARN_ENUM_CONVERSION = YES;
				CLANG_WARN_INFINITE_RECURSION = YES;
				CLANG_WARN_INT_CONVERSION = YES;
				CLANG_WARN_NON_LITERAL_NULL_CONVERSION = YES;
				CLANG_WARN_OBJC_IMPLICIT_RETAIN_SELF = YES;
				CLANG_WARN_OBJC_LITERAL_CONVERSION = YES;
				CLANG_WARN_OBJC_ROOT_CLASS = YES_ERROR;
				CLANG_WARN_QUOTED_INCLUDE_IN_FRAMEWORK_HEADER = YES;
				CLANG_WARN_RANGE_LOOP_ANALYSIS = YES;
				CLANG_WARN_STRICT_PROTOTYPES = YES;
				CLANG_WARN_SUSPICIOUS_MOVE = YES;
				CLANG_WARN_UNGUARDED_AVAILABILITY = YES_AGGRESSIVE;
				CLANG_WARN_UNREACHABLE_CODE = YES;
				CLANG_WARN__DUPLICATE_METHOD_MATCH = YES;
				COPY_PHASE_STRIP = NO;
				DEBUG_INFORMATION_FORMAT = dwarf;
				ENABLE_STRICT_OBJC_MSGSEND = YES;
				ENABLE_TESTABILITY = YES;
				GCC_C_LANGUAGE_STANDARD = gnu11;
				GCC_DYNAMIC_NO_PIC = NO;
				GCC_NO_COMMON_BLOCKS = YES;
				GCC_OPTIMIZATION_LEVEL = 0;
				GCC_PREPROCESSOR_DEFINITIONS = (
					"DEBUG=1",
					"$(inherited)",
				);
				GCC_WARN_64_TO_32_BIT_CONVERSION = YES;
				GCC_WARN_ABOUT_RETURN_TYPE = YES_ERROR;
				GCC_WARN_UNDECLARED_SELECTOR = YES;
				GCC_WARN_UNINITIALIZED_AUTOS = YES_AGGRESSIVE;
				GCC_WARN_UNUSED_FUNCTION = YES;
				GCC_WARN_UNUSED_VARIABLE = YES;
				IPHONEOS_DEPLOYMENT_TARGET = 14.5;
				MTL_ENABLE_DEBUG_INFO = INCLUDE_SOURCE;
				MTL_FAST_MATH = YES;
				ONLY_ACTIVE_ARCH = YES;
				SDKROOT = iphoneos;
				SWIFT_ACTIVE_COMPILATION_CONDITIONS = DEBUG;
				SWIFT_OPTIMIZATION_LEVEL = "-Onone";
			};
			name = Debug;
		};
		9FF5052726B539D9004C4BAE /* Release */ = {
			isa = XCBuildConfiguration;
			buildSettings = {
				ALWAYS_SEARCH_USER_PATHS = NO;
				CLANG_ANALYZER_NONNULL = YES;
				CLANG_ANALYZER_NUMBER_OBJECT_CONVERSION = YES_AGGRESSIVE;
				CLANG_CXX_LANGUAGE_STANDARD = "gnu++14";
				CLANG_CXX_LIBRARY = "libc++";
				CLANG_ENABLE_MODULES = YES;
				CLANG_ENABLE_OBJC_ARC = YES;
				CLANG_ENABLE_OBJC_WEAK = YES;
				CLANG_WARN_BLOCK_CAPTURE_AUTORELEASING = YES;
				CLANG_WARN_BOOL_CONVERSION = YES;
				CLANG_WARN_COMMA = YES;
				CLANG_WARN_CONSTANT_CONVERSION = YES;
				CLANG_WARN_DEPRECATED_OBJC_IMPLEMENTATIONS = YES;
				CLANG_WARN_DIRECT_OBJC_ISA_USAGE = YES_ERROR;
				CLANG_WARN_DOCUMENTATION_COMMENTS = YES;
				CLANG_WARN_EMPTY_BODY = YES;
				CLANG_WARN_ENUM_CONVERSION = YES;
				CLANG_WARN_INFINITE_RECURSION = YES;
				CLANG_WARN_INT_CONVERSION = YES;
				CLANG_WARN_NON_LITERAL_NULL_CONVERSION = YES;
				CLANG_WARN_OBJC_IMPLICIT_RETAIN_SELF = YES;
				CLANG_WARN_OBJC_LITERAL_CONVERSION = YES;
				CLANG_WARN_OBJC_ROOT_CLASS = YES_ERROR;
				CLANG_WARN_QUOTED_INCLUDE_IN_FRAMEWORK_HEADER = YES;
				CLANG_WARN_RANGE_LOOP_ANALYSIS = YES;
				CLANG_WARN_STRICT_PROTOTYPES = YES;
				CLANG_WARN_SUSPICIOUS_MOVE = YES;
				CLANG_WARN_UNGUARDED_AVAILABILITY = YES_AGGRESSIVE;
				CLANG_WARN_UNREACHABLE_CODE = YES;
				CLANG_WARN__DUPLICATE_METHOD_MATCH = YES;
				COPY_PHASE_STRIP = NO;
				DEBUG_INFORMATION_FORMAT = "dwarf-with-dsym";
				ENABLE_NS_ASSERTIONS = NO;
				ENABLE_STRICT_OBJC_MSGSEND = YES;
				GCC_C_LANGUAGE_STANDARD = gnu11;
				GCC_NO_COMMON_BLOCKS = YES;
				GCC_WARN_64_TO_32_BIT_CONVERSION = YES;
				GCC_WARN_ABOUT_RETURN_TYPE = YES_ERROR;
				GCC_WARN_UNDECLARED_SELECTOR = YES;
				GCC_WARN_UNINITIALIZED_AUTOS = YES_AGGRESSIVE;
				GCC_WARN_UNUSED_FUNCTION = YES;
				GCC_WARN_UNUSED_VARIABLE = YES;
				IPHONEOS_DEPLOYMENT_TARGET = 14.5;
				MTL_ENABLE_DEBUG_INFO = NO;
				MTL_FAST_MATH = YES;
				SDKROOT = iphoneos;
				SWIFT_COMPILATION_MODE = wholemodule;
				SWIFT_OPTIMIZATION_LEVEL = "-O";
				VALIDATE_PRODUCT = YES;
			};
			name = Release;
		};
		9FF5052926B539D9004C4BAE /* Debug */ = {
			isa = XCBuildConfiguration;
			buildSettings = {
				ASSETCATALOG_COMPILER_APPICON_NAME = AppIcon;
				ASSETCATALOG_COMPILER_GLOBAL_ACCENT_COLOR_NAME = AccentColor;
				CODE_SIGN_STYLE = Automatic;
				DEVELOPMENT_TEAM = B44GZRWBN9;
				INFOPLIST_FILE = "Coder Shop/Info.plist";
				IPHONEOS_DEPLOYMENT_TARGET = 13.6;
				LD_RUNPATH_SEARCH_PATHS = (
					"$(inherited)",
					"@executable_path/Frameworks",
				);
				PRODUCT_BUNDLE_IDENTIFIER = "com.hassanalhusain.Coder-Shop";
				PRODUCT_NAME = "$(TARGET_NAME)";
				SWIFT_VERSION = 5.0;
				TARGETED_DEVICE_FAMILY = 1;
			};
			name = Debug;
		};
		9FF5052A26B539D9004C4BAE /* Release */ = {
			isa = XCBuildConfiguration;
			buildSettings = {
				ASSETCATALOG_COMPILER_APPICON_NAME = AppIcon;
				ASSETCATALOG_COMPILER_GLOBAL_ACCENT_COLOR_NAME = AccentColor;
				CODE_SIGN_STYLE = Automatic;
				DEVELOPMENT_TEAM = B44GZRWBN9;
				INFOPLIST_FILE = "Coder Shop/Info.plist";
				IPHONEOS_DEPLOYMENT_TARGET = 13.6;
				LD_RUNPATH_SEARCH_PATHS = (
					"$(inherited)",
					"@executable_path/Frameworks",
				);
				PRODUCT_BUNDLE_IDENTIFIER = "com.hassanalhusain.Coder-Shop";
				PRODUCT_NAME = "$(TARGET_NAME)";
				SWIFT_VERSION = 5.0;
				TARGETED_DEVICE_FAMILY = 1;
			};
			name = Release;
		};
/* End XCBuildConfiguration section */

/* Begin XCConfigurationList section */
		9FF5050F26B539D6004C4BAE /* Build configuration list for PBXProject "Coder Shop" */ = {
			isa = XCConfigurationList;
			buildConfigurations = (
				9FF5052626B539D9004C4BAE /* Debug */,
				9FF5052726B539D9004C4BAE /* Release */,
			);
			defaultConfigurationIsVisible = 0;
			defaultConfigurationName = Release;
		};
		9FF5052826B539D9004C4BAE /* Build configuration list for PBXNativeTarget "Coder Shop" */ = {
			isa = XCConfigurationList;
			buildConfigurations = (
				9FF5052926B539D9004C4BAE /* Debug */,
				9FF5052A26B539D9004C4BAE /* Release */,
			);
			defaultConfigurationIsVisible = 0;
			defaultConfigurationName = Release;
		};
/* End XCConfigurationList section */
	};
	rootObject = 9FF5050C26B539D6004C4BAE /* Project object */;
}
